
Microsoft Visual Studio Solution File, Format Version 11.00
# Visual Studio 2010
Project("{FAE04EC0-301F-11D3-BF4B-00C04F79EFBC}") = "NeuralNetworks2.UI", "NeuralNetworks2.UI\NeuralNetworks2.UI.csproj", "{72B0986F-F912-43C2-A34B-F89128E5D8E9}"
EndProject
Project("{FAE04EC0-301F-11D3-BF4B-00C04F79EFBC}") = "NeuralNetworks2.API", "NeuralNetworks2.API\NeuralNetworks2.API.csproj", "{082271C1-6F38-43D9-97FA-8E32D067B1BC}"
EndProject
Project("{FAE04EC0-301F-11D3-BF4B-00C04F79EFBC}") = "NeuralNetworks2.Logic", "NeuralNetworks2.Logic\NeuralNetworks2.Logic.csproj", "{35DA61DD-3356-4156-A71D-61D21360910E}"
EndProject
Project("{2150E333-8FDC-42A3-9474-1A3956D46DE8}") = "Snippets", "Snippets", "{8B066191-9E61-4F4E-9F0E-C22884DDE769}"
	ProjectSection(SolutionItems) = preProject
		RelayCommand.snippet = RelayCommand.snippet
		RelayCommandWithCan.snippet = RelayCommandWithCan.snippet
	EndProjectSection
EndProject
Global
	GlobalSection(SolutionConfigurationPlatforms) = preSolution
		Debug|Any CPU = Debug|Any CPU
		Debug|Mixed Platforms = Debug|Mixed Platforms
		Debug|x86 = Debug|x86
		Release|Any CPU = Release|Any CPU
		Release|Mixed Platforms = Release|Mixed Platforms
		Release|x86 = Release|x86
	EndGlobalSection
	GlobalSection(ProjectConfigurationPlatforms) = postSolution
		{72B0986F-F912-43C2-A34B-F89128E5D8E9}.Debug|Any CPU.ActiveCfg = Debug|x86
		{72B0986F-F912-43C2-A34B-F89128E5D8E9}.Debug|Mixed Platforms.ActiveCfg = Debug|x86
		{72B0986F-F912-43C2-A34B-F89128E5D8E9}.Debug|Mixed Platforms.Build.0 = Debug|x86
		{72B0986F-F912-43C2-A34B-F89128E5D8E9}.Debug|x86.ActiveCfg = Debug|x86
		{72B0986F-F912-43C2-A34B-F89128E5D8E9}.Debug|x86.Build.0 = Debug|x86
		{72B0986F-F912-43C2-A34B-F89128E5D8E9}.Release|Any CPU.ActiveCfg = Release|x86
		{72B0986F-F912-43C2-A34B-F89128E5D8E9}.Release|Mixed Platforms.ActiveCfg = Release|x86
		{72B0986F-F912-43C2-A34B-F89128E5D8E9}.Release|Mixed Platforms.Build.0 = Release|x86
		{72B0986F-F912-43C2-A34B-F89128E5D8E9}.Release|x86.ActiveCfg = Release|x86
		{72B0986F-F912-43C2-A34B-F89128E5D8E9}.Release|x86.Build.0 = Release|x86
		{082271C1-6F38-43D9-97FA-8E32D067B1BC}.Debug|Any CPU.ActiveCfg = Debug|Any CPU
		{082271C1-6F38-43D9-97FA-8E32D067B1BC}.Debug|Any CPU.Build.0 = Debug|Any CPU
		{082271C1-6F38-43D9-97FA-8E32D067B1BC}.Debug|Mixed Platforms.ActiveCfg = Debug|Any CPU
		{082271C1-6F38-43D9-97FA-8E32D067B1BC}.Debug|Mixed Platforms.Build.0 = Debug|Any CPU
		{082271C1-6F38-43D9-97FA-8E32D067B1BC}.Debug|x86.ActiveCfg = Debug|Any CPU
		{082271C1-6F38-43D9-97FA-8E32D067B1BC}.Release|Any CPU.ActiveCfg = Release|Any CPU
		{082271C1-6F38-43D9-97FA-8E32D067B1BC}.Release|Any CPU.Build.0 = Release|Any CPU
		{082271C1-6F38-43D9-97FA-8E32D067B1BC}.Release|Mixed Platforms.ActiveCfg = Release|Any CPU
		{082271C1-6F38-43D9-97FA-8E32D067B1BC}.Release|Mixed Platforms.Build.0 = Release|Any CPU
		{082271C1-6F38-43D9-97FA-8E32D067B1BC}.Release|x86.ActiveCfg = Release|Any CPU
		{35DA61DD-3356-4156-A71D-61D21360910E}.Debug|Any CPU.ActiveCfg = Debug|Any CPU
		{35DA61DD-3356-4156-A71D-61D21360910E}.Debug|Any CPU.Build.0 = Debug|Any CPU
		{35DA61DD-3356-4156-A71D-61D21360910E}.Debug|Mixed Platforms.ActiveCfg = Debug|Any CPU
		{35DA61DD-3356-4156-A71D-61D21360910E}.Debug|Mixed Platforms.Build.0 = Debug|Any CPU
		{35DA61DD-3356-4156-A71D-61D21360910E}.Debug|x86.ActiveCfg = Debug|Any CPU
		{35DA61DD-3356-4156-A71D-61D21360910E}.Release|Any CPU.ActiveCfg = Release|Any CPU
		{35DA61DD-3356-4156-A71D-61D21360910E}.Release|Any CPU.Build.0 = Release|Any CPU
		{35DA61DD-3356-4156-A71D-61D21360910E}.Release|Mixed Platforms.ActiveCfg = Release|Any CPU
		{35DA61DD-3356-4156-A71D-61D21360910E}.Release|Mixed Platforms.Build.0 = Release|Any CPU
		{35DA61DD-3356-4156-A71D-61D21360910E}.Release|x86.ActiveCfg = Release|Any CPU
	EndGlobalSection
	GlobalSection(SolutionProperties) = preSolution
		HideSolutionNode = FALSE
	EndGlobalSection
EndGlobal
